
Microsoft Visual Studio Solution File, Format Version 12.00
# Visual Studio 15
VisualStudioVersion = 15.0.36617.4
MinimumVisualStudioVersion = 10.0.40219.1
Project("{FAE04EC0-301F-11D3-BF4B-00C04F79EFBC}") = "group", "group\group.csproj", "{315AF9A0-E3BA-4531-A0BC-2DA983FB975C}"
EndProject
Global
	GlobalSection(SolutionConfigurationPlatforms) = preSolution
		Debug|Any CPU = Debug|Any CPU
		Release|Any CPU = Release|Any CPU
	EndGlobalSection
	GlobalSection(ProjectConfigurationPlatforms) = postSolution
		{315AF9A0-E3BA-4531-A0BC-2DA983FB975C}.Debug|Any CPU.ActiveCfg = Debug|Any CPU
		{315AF9A0-E3BA-4531-A0BC-2DA983FB975C}.Debug|Any CPU.Build.0 = Debug|Any CPU
		{315AF9A0-E3BA-4531-A0BC-2DA983FB975C}.Release|Any CPU.ActiveCfg = Release|Any CPU
		{315AF9A0-E3BA-4531-A0BC-2DA983FB975C}.Release|Any CPU.Build.0 = Release|Any CPU
	EndGlobalSection
	GlobalSection(SolutionProperties) = preSolution
		HideSolutionNode = FALSE
	EndGlobalSection
	GlobalSection(ExtensibilityGlobals) = postSolution
		SolutionGuid = {EA20437A-B5A7-40CA-B316-0E1DA0327847}
	EndGlobalSection
EndGlobal
