
Microsoft Visual Studio Solution File, Format Version 12.00
# Visual Studio 15
VisualStudioVersion = 15.0.36617.4
MinimumVisualStudioVersion = 10.0.40219.1
Project("{FAE04EC0-301F-11D3-BF4B-00C04F79EFBC}") = "WpfApp_QuanLySanPham", "WpfApp_QuanLySanPham\WpfApp_QuanLySanPham.csproj", "{E694146B-4611-4A6F-AEEC-FDB8A9044CB2}"
EndProject
Global
	GlobalSection(SolutionConfigurationPlatforms) = preSolution
		Debug|Any CPU = Debug|Any CPU
		Release|Any CPU = Release|Any CPU
	EndGlobalSection
	GlobalSection(ProjectConfigurationPlatforms) = postSolution
		{E694146B-4611-4A6F-AEEC-FDB8A9044CB2}.Debug|Any CPU.ActiveCfg = Debug|Any CPU
		{E694146B-4611-4A6F-AEEC-FDB8A9044CB2}.Debug|Any CPU.Build.0 = Debug|Any CPU
		{E694146B-4611-4A6F-AEEC-FDB8A9044CB2}.Release|Any CPU.ActiveCfg = Release|Any CPU
		{E694146B-4611-4A6F-AEEC-FDB8A9044CB2}.Release|Any CPU.Build.0 = Release|Any CPU
	EndGlobalSection
	GlobalSection(SolutionProperties) = preSolution
		HideSolutionNode = FALSE
	EndGlobalSection
	GlobalSection(ExtensibilityGlobals) = postSolution
		SolutionGuid = {F2195498-DAC0-4D2D-9641-95F8D93CF0B7}
	EndGlobalSection
EndGlobal
